
Microsoft Visual Studio Solution File, Format Version 12.00
# Visual Studio Version 17
VisualStudioVersion = 17.6.33723.286
MinimumVisualStudioVersion = 10.0.40219.1
Project("{FAE04EC0-301F-11D3-BF4B-00C04F79EFBC}") = "cute-robot-app-backend", "cute-robot-app-backend\cute-robot-app-backend.csproj", "{FB841DFF-C14A-4173-9ACD-F1B98FFF4F9C}"
EndProject
Project("{FAE04EC0-301F-11D3-BF4B-00C04F79EFBC}") = "DAL", "DAL\DAL.csproj", "{B580CBAF-C872-413C-A5DC-295E70764FCB}"
EndProject
Project("{FAE04EC0-301F-11D3-BF4B-00C04F79EFBC}") = "Service", "Service\Service.csproj", "{6C7EC5D7-0040-4305-8E1B-A96666C0CE26}"
EndProject
Global
	GlobalSection(SolutionConfigurationPlatforms) = preSolution
		Debug|Any CPU = Debug|Any CPU
		Release|Any CPU = Release|Any CPU
	EndGlobalSection
	GlobalSection(ProjectConfigurationPlatforms) = postSolution
		{FB841DFF-C14A-4173-9ACD-F1B98FFF4F9C}.Debug|Any CPU.ActiveCfg = Debug|Any CPU
		{FB841DFF-C14A-4173-9ACD-F1B98FFF4F9C}.Debug|Any CPU.Build.0 = Debug|Any CPU
		{FB841DFF-C14A-4173-9ACD-F1B98FFF4F9C}.Release|Any CPU.ActiveCfg = Release|Any CPU
		{FB841DFF-C14A-4173-9ACD-F1B98FFF4F9C}.Release|Any CPU.Build.0 = Release|Any CPU
		{B580CBAF-C872-413C-A5DC-295E70764FCB}.Debug|Any CPU.ActiveCfg = Debug|Any CPU
		{B580CBAF-C872-413C-A5DC-295E70764FCB}.Debug|Any CPU.Build.0 = Debug|Any CPU
		{B580CBAF-C872-413C-A5DC-295E70764FCB}.Release|Any CPU.ActiveCfg = Release|Any CPU
		{B580CBAF-C872-413C-A5DC-295E70764FCB}.Release|Any CPU.Build.0 = Release|Any CPU
		{6C7EC5D7-0040-4305-8E1B-A96666C0CE26}.Debug|Any CPU.ActiveCfg = Debug|Any CPU
		{6C7EC5D7-0040-4305-8E1B-A96666C0CE26}.Debug|Any CPU.Build.0 = Debug|Any CPU
		{6C7EC5D7-0040-4305-8E1B-A96666C0CE26}.Release|Any CPU.ActiveCfg = Release|Any CPU
		{6C7EC5D7-0040-4305-8E1B-A96666C0CE26}.Release|Any CPU.Build.0 = Release|Any CPU
	EndGlobalSection
	GlobalSection(SolutionProperties) = preSolution
		HideSolutionNode = FALSE
	EndGlobalSection
	GlobalSection(ExtensibilityGlobals) = postSolution
		SolutionGuid = {EB57526C-B735-4A06-B3E4-812D9946B8B4}
	EndGlobalSection
EndGlobal
